
Microsoft Visual Studio Solution File, Format Version 12.00
# Visual Studio Version 17
VisualStudioVersion = 17.9.34728.123
MinimumVisualStudioVersion = 10.0.40219.1
Project("{9A19103F-16F7-4668-BE54-9A1E7A4F7556}") = "LudoLab ConnectSys Frontend", "LudoLab ConnectSys Frontend.csproj", "{C82A1EF8-35E1-4C3C-9722-DB58FE24E4EC}"
EndProject
Global
	GlobalSection(SolutionConfigurationPlatforms) = preSolution
		Debug|Any CPU = Debug|Any CPU
		Release|Any CPU = Release|Any CPU
	EndGlobalSection
	GlobalSection(ProjectConfigurationPlatforms) = postSolution
		{C82A1EF8-35E1-4C3C-9722-DB58FE24E4EC}.Debug|Any CPU.ActiveCfg = Debug|Any CPU
		{C82A1EF8-35E1-4C3C-9722-DB58FE24E4EC}.Debug|Any CPU.Build.0 = Debug|Any CPU
		{C82A1EF8-35E1-4C3C-9722-DB58FE24E4EC}.Release|Any CPU.ActiveCfg = Release|Any CPU
		{C82A1EF8-35E1-4C3C-9722-DB58FE24E4EC}.Release|Any CPU.Build.0 = Release|Any CPU
	EndGlobalSection
	GlobalSection(SolutionProperties) = preSolution
		HideSolutionNode = FALSE
	EndGlobalSection
	GlobalSection(ExtensibilityGlobals) = postSolution
		SolutionGuid = {ECB863E3-9231-4E56-B8EC-5D27A506BEAA}
	EndGlobalSection
EndGlobal
