
Microsoft Visual Studio Solution File, Format Version 12.00
# Visual Studio Version 17
VisualStudioVersion = 17.9.34728.123
MinimumVisualStudioVersion = 10.0.40219.1
Project("{9A19103F-16F7-4668-BE54-9A1E7A4F7556}") = "LudoLab ConnectSys Frontend", "LudoLab ConnectSys Frontend.csproj", "{C82A1EF8-35E1-4C3C-9722-DB58FE24E4EC}"
EndProject
Project("{9A19103F-16F7-4668-BE54-9A1E7A4F7556}") = "DirectorioDeArchivos.Shared", "..\DirectorioDeArchivos.Shared\DirectorioDeArchivos.Shared.csproj", "{87820025-B769-41AE-9603-F06E90C724BB}"
EndProject
Project("{9A19103F-16F7-4668-BE54-9A1E7A4F7556}") = "LudoLab-ConnectSys-Server", "..\LudoLab-ConnectSys-Server\LudoLab-ConnectSys-Server.csproj", "{1BDD3E3C-2FC9-496C-A71B-60ADDC1082D6}"
EndProject
Project("{9A19103F-16F7-4668-BE54-9A1E7A4F7556}") = "AuthService", "..\AuthService\AuthService\AuthService.csproj", "{08DC5BF5-AC28-42EA-9F14-34C0263A22CF}"
EndProject
Global
	GlobalSection(SolutionConfigurationPlatforms) = preSolution
		Debug|Any CPU = Debug|Any CPU
		Release|Any CPU = Release|Any CPU
	EndGlobalSection
	GlobalSection(ProjectConfigurationPlatforms) = postSolution
		{C82A1EF8-35E1-4C3C-9722-DB58FE24E4EC}.Debug|Any CPU.ActiveCfg = Debug|Any CPU
		{C82A1EF8-35E1-4C3C-9722-DB58FE24E4EC}.Debug|Any CPU.Build.0 = Debug|Any CPU
		{C82A1EF8-35E1-4C3C-9722-DB58FE24E4EC}.Release|Any CPU.ActiveCfg = Release|Any CPU
		{C82A1EF8-35E1-4C3C-9722-DB58FE24E4EC}.Release|Any CPU.Build.0 = Release|Any CPU
		{87820025-B769-41AE-9603-F06E90C724BB}.Debug|Any CPU.ActiveCfg = Debug|Any CPU
		{87820025-B769-41AE-9603-F06E90C724BB}.Debug|Any CPU.Build.0 = Debug|Any CPU
		{87820025-B769-41AE-9603-F06E90C724BB}.Release|Any CPU.ActiveCfg = Release|Any CPU
		{87820025-B769-41AE-9603-F06E90C724BB}.Release|Any CPU.Build.0 = Release|Any CPU
		{1BDD3E3C-2FC9-496C-A71B-60ADDC1082D6}.Debug|Any CPU.ActiveCfg = Debug|Any CPU
		{1BDD3E3C-2FC9-496C-A71B-60ADDC1082D6}.Debug|Any CPU.Build.0 = Debug|Any CPU
		{1BDD3E3C-2FC9-496C-A71B-60ADDC1082D6}.Release|Any CPU.ActiveCfg = Release|Any CPU
		{1BDD3E3C-2FC9-496C-A71B-60ADDC1082D6}.Release|Any CPU.Build.0 = Release|Any CPU
		{08DC5BF5-AC28-42EA-9F14-34C0263A22CF}.Debug|Any CPU.ActiveCfg = Debug|Any CPU
		{08DC5BF5-AC28-42EA-9F14-34C0263A22CF}.Debug|Any CPU.Build.0 = Debug|Any CPU
		{08DC5BF5-AC28-42EA-9F14-34C0263A22CF}.Release|Any CPU.ActiveCfg = Release|Any CPU
		{08DC5BF5-AC28-42EA-9F14-34C0263A22CF}.Release|Any CPU.Build.0 = Release|Any CPU
	EndGlobalSection
	GlobalSection(SolutionProperties) = preSolution
		HideSolutionNode = FALSE
	EndGlobalSection
	GlobalSection(ExtensibilityGlobals) = postSolution
		SolutionGuid = {ECB863E3-9231-4E56-B8EC-5D27A506BEAA}
	EndGlobalSection
EndGlobal
